
Microsoft Visual Studio Solution File, Format Version 12.00
# Visual Studio Version 17
VisualStudioVersion = 17.10.34916.146
MinimumVisualStudioVersion = 10.0.40219.1
Project("{FAE04EC0-301F-11D3-BF4B-00C04F79EFBC}") = "HW_NP_4.0_Client", "HW_NP_4.0_Client.csproj", "{3D91FDBE-EB3B-4191-8D55-ED619C6901BA}"
EndProject
Global
	GlobalSection(SolutionConfigurationPlatforms) = preSolution
		Debug|Any CPU = Debug|Any CPU
		Release|Any CPU = Release|Any CPU
	EndGlobalSection
	GlobalSection(ProjectConfigurationPlatforms) = postSolution
		{3D91FDBE-EB3B-4191-8D55-ED619C6901BA}.Debug|Any CPU.ActiveCfg = Debug|Any CPU
		{3D91FDBE-EB3B-4191-8D55-ED619C6901BA}.Debug|Any CPU.Build.0 = Debug|Any CPU
		{3D91FDBE-EB3B-4191-8D55-ED619C6901BA}.Release|Any CPU.ActiveCfg = Release|Any CPU
		{3D91FDBE-EB3B-4191-8D55-ED619C6901BA}.Release|Any CPU.Build.0 = Release|Any CPU
	EndGlobalSection
	GlobalSection(SolutionProperties) = preSolution
		HideSolutionNode = FALSE
	EndGlobalSection
	GlobalSection(ExtensibilityGlobals) = postSolution
		SolutionGuid = {36B7EEE4-019C-45CE-8190-9D161FC075BA}
	EndGlobalSection
EndGlobal
